
Microsoft Visual Studio Solution File, Format Version 12.00
# Visual Studio Version 17
VisualStudioVersion = 17.6.33723.286
MinimumVisualStudioVersion = 10.0.40219.1
Project("{2150E333-8FDC-42A3-9474-1A3956D46DE8}") = "Core", "Core", "{51C23077-2B98-442E-A805-E5E35AC6E15D}"
EndProject
Project("{9A19103F-16F7-4668-BE54-9A1E7A4F7556}") = "Turmerik.Core", "Turmerik.Core\Turmerik.Core.csproj", "{096E545E-0E85-48E6-A91D-B399F1B2AFF4}"
EndProject
Project("{9A19103F-16F7-4668-BE54-9A1E7A4F7556}") = "Turmerik.LocalDevice.Core", "Turmerik.LocalDevice.Core\Turmerik.LocalDevice.Core.csproj", "{1C849D47-7DCD-4A85-9A89-646D0F73BF35}"
EndProject
Project("{2150E333-8FDC-42A3-9474-1A3956D46DE8}") = "SwDev", "SwDev", "{679CB6C0-6EBB-43A0-A6EE-1C0DB75869EB}"
EndProject
Project("{2150E333-8FDC-42A3-9474-1A3956D46DE8}") = "Code", "Code", "{7D1CE2E3-9E74-417A-A3CF-692E7F4F1168}"
EndProject
Global
	GlobalSection(SolutionConfigurationPlatforms) = preSolution
		Debug|Any CPU = Debug|Any CPU
		Release|Any CPU = Release|Any CPU
	EndGlobalSection
	GlobalSection(ProjectConfigurationPlatforms) = postSolution
		{096E545E-0E85-48E6-A91D-B399F1B2AFF4}.Debug|Any CPU.ActiveCfg = Debug|Any CPU
		{096E545E-0E85-48E6-A91D-B399F1B2AFF4}.Debug|Any CPU.Build.0 = Debug|Any CPU
		{096E545E-0E85-48E6-A91D-B399F1B2AFF4}.Release|Any CPU.ActiveCfg = Release|Any CPU
		{096E545E-0E85-48E6-A91D-B399F1B2AFF4}.Release|Any CPU.Build.0 = Release|Any CPU
		{1C849D47-7DCD-4A85-9A89-646D0F73BF35}.Debug|Any CPU.ActiveCfg = Debug|Any CPU
		{1C849D47-7DCD-4A85-9A89-646D0F73BF35}.Debug|Any CPU.Build.0 = Debug|Any CPU
		{1C849D47-7DCD-4A85-9A89-646D0F73BF35}.Release|Any CPU.ActiveCfg = Release|Any CPU
		{1C849D47-7DCD-4A85-9A89-646D0F73BF35}.Release|Any CPU.Build.0 = Release|Any CPU
	EndGlobalSection
	GlobalSection(SolutionProperties) = preSolution
		HideSolutionNode = FALSE
	EndGlobalSection
	GlobalSection(NestedProjects) = preSolution
		{096E545E-0E85-48E6-A91D-B399F1B2AFF4} = {51C23077-2B98-442E-A805-E5E35AC6E15D}
		{1C849D47-7DCD-4A85-9A89-646D0F73BF35} = {51C23077-2B98-442E-A805-E5E35AC6E15D}
		{7D1CE2E3-9E74-417A-A3CF-692E7F4F1168} = {679CB6C0-6EBB-43A0-A6EE-1C0DB75869EB}
	EndGlobalSection
	GlobalSection(ExtensibilityGlobals) = postSolution
		SolutionGuid = {4AB820C0-648E-45C0-B6DA-950BC09E4FE7}
	EndGlobalSection
EndGlobal
