
Microsoft Visual Studio Solution File, Format Version 12.00
# Visual Studio Version 17
VisualStudioVersion = 17.6.33723.286
MinimumVisualStudioVersion = 10.0.40219.1
Project("{2150E333-8FDC-42A3-9474-1A3956D46DE8}") = "Core", "Core", "{1D00CAA1-2054-463A-8DF9-1A80FF5530FD}"
EndProject
Project("{2150E333-8FDC-42A3-9474-1A3956D46DE8}") = "DriveExplorer", "DriveExplorer", "{D9DA0BC4-022E-4C3E-87FC-3502B3855FF4}"
EndProject
Project("{2150E333-8FDC-42A3-9474-1A3956D46DE8}") = "LocalFilesExplorer", "LocalFilesExplorer", "{C62EF546-A7B0-4D03-9057-FBE40F7BE584}"
EndProject
Project("{2150E333-8FDC-42A3-9474-1A3956D46DE8}") = "OneDriveExplorer", "OneDriveExplorer", "{BBF9DA4C-29BC-465B-A625-A7AC6D83EA46}"
EndProject
Project("{9A19103F-16F7-4668-BE54-9A1E7A4F7556}") = "Turmerik", "Turmerik\Turmerik.csproj", "{9AC97783-E43C-433E-B03B-F3EE4A6D6D53}"
EndProject
Project("{9A19103F-16F7-4668-BE54-9A1E7A4F7556}") = "Turmerik.LocalDevice", "Turmerik.LocalDevice\Turmerik.LocalDevice.csproj", "{3FE531B4-A229-449A-A962-9B970F865A9B}"
EndProject
Project("{9A19103F-16F7-4668-BE54-9A1E7A4F7556}") = "Turmerik.MauiCore", "Turmerik.MauiCore\Turmerik.MauiCore.csproj", "{44E9678F-C01E-4352-9B3E-4091F2F123B6}"
EndProject
Project("{9A19103F-16F7-4668-BE54-9A1E7A4F7556}") = "Turmerik.MsGraph", "Turmerik.MsGraph\Turmerik.MsGraph.csproj", "{1CAB0993-836A-4A4F-B24C-7D0A04338CEB}"
EndProject
Project("{FAE04EC0-301F-11D3-BF4B-00C04F79EFBC}") = "Turmerik.LocalFilesExplorer.MAUIApp", "Turmerik.LocalFilesExplorer.MAUIApp\Turmerik.LocalFilesExplorer.MAUIApp.csproj", "{B1D49CF2-4C3A-4272-9740-B4FD2512448A}"
EndProject
Global
	GlobalSection(SolutionConfigurationPlatforms) = preSolution
		Debug|Any CPU = Debug|Any CPU
		Release|Any CPU = Release|Any CPU
	EndGlobalSection
	GlobalSection(ProjectConfigurationPlatforms) = postSolution
		{9AC97783-E43C-433E-B03B-F3EE4A6D6D53}.Debug|Any CPU.ActiveCfg = Debug|Any CPU
		{9AC97783-E43C-433E-B03B-F3EE4A6D6D53}.Debug|Any CPU.Build.0 = Debug|Any CPU
		{9AC97783-E43C-433E-B03B-F3EE4A6D6D53}.Release|Any CPU.ActiveCfg = Release|Any CPU
		{9AC97783-E43C-433E-B03B-F3EE4A6D6D53}.Release|Any CPU.Build.0 = Release|Any CPU
		{3FE531B4-A229-449A-A962-9B970F865A9B}.Debug|Any CPU.ActiveCfg = Debug|Any CPU
		{3FE531B4-A229-449A-A962-9B970F865A9B}.Debug|Any CPU.Build.0 = Debug|Any CPU
		{3FE531B4-A229-449A-A962-9B970F865A9B}.Release|Any CPU.ActiveCfg = Release|Any CPU
		{3FE531B4-A229-449A-A962-9B970F865A9B}.Release|Any CPU.Build.0 = Release|Any CPU
		{44E9678F-C01E-4352-9B3E-4091F2F123B6}.Debug|Any CPU.ActiveCfg = Debug|Any CPU
		{44E9678F-C01E-4352-9B3E-4091F2F123B6}.Debug|Any CPU.Build.0 = Debug|Any CPU
		{44E9678F-C01E-4352-9B3E-4091F2F123B6}.Release|Any CPU.ActiveCfg = Release|Any CPU
		{44E9678F-C01E-4352-9B3E-4091F2F123B6}.Release|Any CPU.Build.0 = Release|Any CPU
		{1CAB0993-836A-4A4F-B24C-7D0A04338CEB}.Debug|Any CPU.ActiveCfg = Debug|Any CPU
		{1CAB0993-836A-4A4F-B24C-7D0A04338CEB}.Debug|Any CPU.Build.0 = Debug|Any CPU
		{1CAB0993-836A-4A4F-B24C-7D0A04338CEB}.Release|Any CPU.ActiveCfg = Release|Any CPU
		{1CAB0993-836A-4A4F-B24C-7D0A04338CEB}.Release|Any CPU.Build.0 = Release|Any CPU
		{B1D49CF2-4C3A-4272-9740-B4FD2512448A}.Debug|Any CPU.ActiveCfg = Debug|Any CPU
		{B1D49CF2-4C3A-4272-9740-B4FD2512448A}.Debug|Any CPU.Build.0 = Debug|Any CPU
		{B1D49CF2-4C3A-4272-9740-B4FD2512448A}.Debug|Any CPU.Deploy.0 = Debug|Any CPU
		{B1D49CF2-4C3A-4272-9740-B4FD2512448A}.Release|Any CPU.ActiveCfg = Release|Any CPU
		{B1D49CF2-4C3A-4272-9740-B4FD2512448A}.Release|Any CPU.Build.0 = Release|Any CPU
		{B1D49CF2-4C3A-4272-9740-B4FD2512448A}.Release|Any CPU.Deploy.0 = Release|Any CPU
	EndGlobalSection
	GlobalSection(SolutionProperties) = preSolution
		HideSolutionNode = FALSE
	EndGlobalSection
	GlobalSection(NestedProjects) = preSolution
		{C62EF546-A7B0-4D03-9057-FBE40F7BE584} = {D9DA0BC4-022E-4C3E-87FC-3502B3855FF4}
		{BBF9DA4C-29BC-465B-A625-A7AC6D83EA46} = {D9DA0BC4-022E-4C3E-87FC-3502B3855FF4}
		{9AC97783-E43C-433E-B03B-F3EE4A6D6D53} = {1D00CAA1-2054-463A-8DF9-1A80FF5530FD}
		{3FE531B4-A229-449A-A962-9B970F865A9B} = {1D00CAA1-2054-463A-8DF9-1A80FF5530FD}
		{44E9678F-C01E-4352-9B3E-4091F2F123B6} = {1D00CAA1-2054-463A-8DF9-1A80FF5530FD}
		{1CAB0993-836A-4A4F-B24C-7D0A04338CEB} = {1D00CAA1-2054-463A-8DF9-1A80FF5530FD}
		{B1D49CF2-4C3A-4272-9740-B4FD2512448A} = {C62EF546-A7B0-4D03-9057-FBE40F7BE584}
	EndGlobalSection
	GlobalSection(ExtensibilityGlobals) = postSolution
		SolutionGuid = {94C50C70-A0F7-4E1F-9ACF-73FA07242B82}
	EndGlobalSection
EndGlobal
