
Microsoft Visual Studio Solution File, Format Version 12.00
# Visual Studio Version 17
VisualStudioVersion = 17.6.33723.286
MinimumVisualStudioVersion = 10.0.40219.1
Project("{2150E333-8FDC-42A3-9474-1A3956D46DE8}") = "Core", "Core", "{51C23077-2B98-442E-A805-E5E35AC6E15D}"
EndProject
Project("{2150E333-8FDC-42A3-9474-1A3956D46DE8}") = "SwDev", "SwDev", "{679CB6C0-6EBB-43A0-A6EE-1C0DB75869EB}"
EndProject
Project("{2150E333-8FDC-42A3-9474-1A3956D46DE8}") = "Code", "Code", "{7D1CE2E3-9E74-417A-A3CF-692E7F4F1168}"
EndProject
Project("{9A19103F-16F7-4668-BE54-9A1E7A4F7556}") = "Turmerik", "Turmerik\Turmerik.csproj", "{7A49E6A4-C372-4BD9-9AE3-3571F80F3A1E}"
EndProject
Project("{9A19103F-16F7-4668-BE54-9A1E7A4F7556}") = "Turmerik.LocalDevice", "Turmerik.LocalDevice\Turmerik.LocalDevice.csproj", "{F0C73B9A-1612-4921-ABD4-D27F712BD6B2}"
EndProject
Project("{9A19103F-16F7-4668-BE54-9A1E7A4F7556}") = "Turmerik.LocalDevice.Core", "Turmerik.LocalDevice.Core\Turmerik.LocalDevice.Core.csproj", "{A7E8C10F-7FEF-48F9-8622-9F404D269617}"
EndProject
Global
	GlobalSection(SolutionConfigurationPlatforms) = preSolution
		Debug|Any CPU = Debug|Any CPU
		Release|Any CPU = Release|Any CPU
	EndGlobalSection
	GlobalSection(ProjectConfigurationPlatforms) = postSolution
		{7A49E6A4-C372-4BD9-9AE3-3571F80F3A1E}.Debug|Any CPU.ActiveCfg = Debug|Any CPU
		{7A49E6A4-C372-4BD9-9AE3-3571F80F3A1E}.Debug|Any CPU.Build.0 = Debug|Any CPU
		{7A49E6A4-C372-4BD9-9AE3-3571F80F3A1E}.Release|Any CPU.ActiveCfg = Release|Any CPU
		{7A49E6A4-C372-4BD9-9AE3-3571F80F3A1E}.Release|Any CPU.Build.0 = Release|Any CPU
		{F0C73B9A-1612-4921-ABD4-D27F712BD6B2}.Debug|Any CPU.ActiveCfg = Debug|Any CPU
		{F0C73B9A-1612-4921-ABD4-D27F712BD6B2}.Debug|Any CPU.Build.0 = Debug|Any CPU
		{F0C73B9A-1612-4921-ABD4-D27F712BD6B2}.Release|Any CPU.ActiveCfg = Release|Any CPU
		{F0C73B9A-1612-4921-ABD4-D27F712BD6B2}.Release|Any CPU.Build.0 = Release|Any CPU
		{A7E8C10F-7FEF-48F9-8622-9F404D269617}.Debug|Any CPU.ActiveCfg = Debug|Any CPU
		{A7E8C10F-7FEF-48F9-8622-9F404D269617}.Debug|Any CPU.Build.0 = Debug|Any CPU
		{A7E8C10F-7FEF-48F9-8622-9F404D269617}.Release|Any CPU.ActiveCfg = Release|Any CPU
		{A7E8C10F-7FEF-48F9-8622-9F404D269617}.Release|Any CPU.Build.0 = Release|Any CPU
	EndGlobalSection
	GlobalSection(SolutionProperties) = preSolution
		HideSolutionNode = FALSE
	EndGlobalSection
	GlobalSection(NestedProjects) = preSolution
		{7D1CE2E3-9E74-417A-A3CF-692E7F4F1168} = {679CB6C0-6EBB-43A0-A6EE-1C0DB75869EB}
		{7A49E6A4-C372-4BD9-9AE3-3571F80F3A1E} = {51C23077-2B98-442E-A805-E5E35AC6E15D}
		{F0C73B9A-1612-4921-ABD4-D27F712BD6B2} = {51C23077-2B98-442E-A805-E5E35AC6E15D}
		{A7E8C10F-7FEF-48F9-8622-9F404D269617} = {51C23077-2B98-442E-A805-E5E35AC6E15D}
	EndGlobalSection
	GlobalSection(ExtensibilityGlobals) = postSolution
		SolutionGuid = {4AB820C0-648E-45C0-B6DA-950BC09E4FE7}
	EndGlobalSection
EndGlobal
