
Microsoft Visual Studio Solution File, Format Version 12.00
# Visual Studio Version 17
VisualStudioVersion = 17.6.33723.286
MinimumVisualStudioVersion = 10.0.40219.1
Project("{2150E333-8FDC-42A3-9474-1A3956D46DE8}") = "Core", "Core", "{5C63AD8C-F052-4C2F-B0B8-59F1BD1E769F}"
EndProject
Project("{9A19103F-16F7-4668-BE54-9A1E7A4F7556}") = "Turmerik.Core", "Turmerik.Core\Turmerik.Core.csproj", "{0B082326-2A93-42D9-97CE-C4CAF0342862}"
EndProject
Project("{9A19103F-16F7-4668-BE54-9A1E7A4F7556}") = "Turmerik.LocalDevice.Core", "Turmerik.LocalDevice.Core\Turmerik.LocalDevice.Core.csproj", "{19FC341B-BDF6-43C2-B2E8-1D1D1B4D602C}"
EndProject
Project("{2150E333-8FDC-42A3-9474-1A3956D46DE8}") = "Contacts", "Contacts", "{D82D5BF7-0188-47AB-AECC-0890147673E1}"
EndProject
Project("{2150E333-8FDC-42A3-9474-1A3956D46DE8}") = "AppleContacts", "AppleContacts", "{6E9A2C82-583B-4562-A7A9-EF867180A937}"
EndProject
Project("{2150E333-8FDC-42A3-9474-1A3956D46DE8}") = "GoogleContacts", "GoogleContacts", "{F20D3FBA-8202-4A7A-BA6C-FDEB125A680D}"
EndProject
Global
	GlobalSection(SolutionConfigurationPlatforms) = preSolution
		Debug|Any CPU = Debug|Any CPU
		Release|Any CPU = Release|Any CPU
	EndGlobalSection
	GlobalSection(ProjectConfigurationPlatforms) = postSolution
		{0B082326-2A93-42D9-97CE-C4CAF0342862}.Debug|Any CPU.ActiveCfg = Debug|Any CPU
		{0B082326-2A93-42D9-97CE-C4CAF0342862}.Debug|Any CPU.Build.0 = Debug|Any CPU
		{0B082326-2A93-42D9-97CE-C4CAF0342862}.Release|Any CPU.ActiveCfg = Release|Any CPU
		{0B082326-2A93-42D9-97CE-C4CAF0342862}.Release|Any CPU.Build.0 = Release|Any CPU
		{19FC341B-BDF6-43C2-B2E8-1D1D1B4D602C}.Debug|Any CPU.ActiveCfg = Debug|Any CPU
		{19FC341B-BDF6-43C2-B2E8-1D1D1B4D602C}.Debug|Any CPU.Build.0 = Debug|Any CPU
		{19FC341B-BDF6-43C2-B2E8-1D1D1B4D602C}.Release|Any CPU.ActiveCfg = Release|Any CPU
		{19FC341B-BDF6-43C2-B2E8-1D1D1B4D602C}.Release|Any CPU.Build.0 = Release|Any CPU
	EndGlobalSection
	GlobalSection(SolutionProperties) = preSolution
		HideSolutionNode = FALSE
	EndGlobalSection
	GlobalSection(NestedProjects) = preSolution
		{0B082326-2A93-42D9-97CE-C4CAF0342862} = {5C63AD8C-F052-4C2F-B0B8-59F1BD1E769F}
		{19FC341B-BDF6-43C2-B2E8-1D1D1B4D602C} = {5C63AD8C-F052-4C2F-B0B8-59F1BD1E769F}
		{6E9A2C82-583B-4562-A7A9-EF867180A937} = {D82D5BF7-0188-47AB-AECC-0890147673E1}
		{F20D3FBA-8202-4A7A-BA6C-FDEB125A680D} = {D82D5BF7-0188-47AB-AECC-0890147673E1}
	EndGlobalSection
	GlobalSection(ExtensibilityGlobals) = postSolution
		SolutionGuid = {E927F0FB-E68E-45B6-A22A-9598AF323E98}
	EndGlobalSection
EndGlobal
