
Microsoft Visual Studio Solution File, Format Version 12.00
# Visual Studio Version 17
VisualStudioVersion = 17.6.33723.286
MinimumVisualStudioVersion = 10.0.40219.1
Project("{2150E333-8FDC-42A3-9474-1A3956D46DE8}") = "Core", "Core", "{2FF509B4-ADB6-418E-91B5-65C00C043591}"
EndProject
Project("{2150E333-8FDC-42A3-9474-1A3956D46DE8}") = "MailClient", "MailClient", "{B8791AF9-CE52-43E7-BFF9-308D2F7F002C}"
EndProject
Project("{2150E333-8FDC-42A3-9474-1A3956D46DE8}") = "GmailClient", "GmailClient", "{4BC2194B-5826-4E24-8EDF-9E2A9AF45290}"
EndProject
Project("{2150E333-8FDC-42A3-9474-1A3956D46DE8}") = "OutlookMailClient", "OutlookMailClient", "{F509B477-296C-497E-9A00-7119831B655D}"
EndProject
Project("{9A19103F-16F7-4668-BE54-9A1E7A4F7556}") = "Turmerik", "Turmerik\Turmerik.csproj", "{3C4BAFA9-24DD-42EB-ACFF-3088687AA6D5}"
EndProject
Project("{9A19103F-16F7-4668-BE54-9A1E7A4F7556}") = "Turmerik.LocalDevice", "Turmerik.LocalDevice\Turmerik.LocalDevice.csproj", "{69B29864-8751-48C4-83BD-C83DFCD1C51D}"
EndProject
Project("{9A19103F-16F7-4668-BE54-9A1E7A4F7556}") = "Turmerik.MsGraph", "Turmerik.MsGraph\Turmerik.MsGraph.csproj", "{58B7FDCC-84CA-481F-85E4-C149FF968461}"
EndProject
Project("{9A19103F-16F7-4668-BE54-9A1E7A4F7556}") = "Turmerik.LocalDevice.Core", "Turmerik.LocalDevice.Core\Turmerik.LocalDevice.Core.csproj", "{14D40CFA-A622-4C64-BD14-70872FAFA10F}"
EndProject
Global
	GlobalSection(SolutionConfigurationPlatforms) = preSolution
		Debug|Any CPU = Debug|Any CPU
		Release|Any CPU = Release|Any CPU
	EndGlobalSection
	GlobalSection(ProjectConfigurationPlatforms) = postSolution
		{3C4BAFA9-24DD-42EB-ACFF-3088687AA6D5}.Debug|Any CPU.ActiveCfg = Debug|Any CPU
		{3C4BAFA9-24DD-42EB-ACFF-3088687AA6D5}.Debug|Any CPU.Build.0 = Debug|Any CPU
		{3C4BAFA9-24DD-42EB-ACFF-3088687AA6D5}.Release|Any CPU.ActiveCfg = Release|Any CPU
		{3C4BAFA9-24DD-42EB-ACFF-3088687AA6D5}.Release|Any CPU.Build.0 = Release|Any CPU
		{69B29864-8751-48C4-83BD-C83DFCD1C51D}.Debug|Any CPU.ActiveCfg = Debug|Any CPU
		{69B29864-8751-48C4-83BD-C83DFCD1C51D}.Debug|Any CPU.Build.0 = Debug|Any CPU
		{69B29864-8751-48C4-83BD-C83DFCD1C51D}.Release|Any CPU.ActiveCfg = Release|Any CPU
		{69B29864-8751-48C4-83BD-C83DFCD1C51D}.Release|Any CPU.Build.0 = Release|Any CPU
		{58B7FDCC-84CA-481F-85E4-C149FF968461}.Debug|Any CPU.ActiveCfg = Debug|Any CPU
		{58B7FDCC-84CA-481F-85E4-C149FF968461}.Debug|Any CPU.Build.0 = Debug|Any CPU
		{58B7FDCC-84CA-481F-85E4-C149FF968461}.Release|Any CPU.ActiveCfg = Release|Any CPU
		{58B7FDCC-84CA-481F-85E4-C149FF968461}.Release|Any CPU.Build.0 = Release|Any CPU
		{14D40CFA-A622-4C64-BD14-70872FAFA10F}.Debug|Any CPU.ActiveCfg = Debug|Any CPU
		{14D40CFA-A622-4C64-BD14-70872FAFA10F}.Debug|Any CPU.Build.0 = Debug|Any CPU
		{14D40CFA-A622-4C64-BD14-70872FAFA10F}.Release|Any CPU.ActiveCfg = Release|Any CPU
		{14D40CFA-A622-4C64-BD14-70872FAFA10F}.Release|Any CPU.Build.0 = Release|Any CPU
	EndGlobalSection
	GlobalSection(SolutionProperties) = preSolution
		HideSolutionNode = FALSE
	EndGlobalSection
	GlobalSection(NestedProjects) = preSolution
		{4BC2194B-5826-4E24-8EDF-9E2A9AF45290} = {B8791AF9-CE52-43E7-BFF9-308D2F7F002C}
		{F509B477-296C-497E-9A00-7119831B655D} = {B8791AF9-CE52-43E7-BFF9-308D2F7F002C}
		{3C4BAFA9-24DD-42EB-ACFF-3088687AA6D5} = {2FF509B4-ADB6-418E-91B5-65C00C043591}
		{69B29864-8751-48C4-83BD-C83DFCD1C51D} = {2FF509B4-ADB6-418E-91B5-65C00C043591}
		{58B7FDCC-84CA-481F-85E4-C149FF968461} = {2FF509B4-ADB6-418E-91B5-65C00C043591}
		{14D40CFA-A622-4C64-BD14-70872FAFA10F} = {2FF509B4-ADB6-418E-91B5-65C00C043591}
	EndGlobalSection
	GlobalSection(ExtensibilityGlobals) = postSolution
		SolutionGuid = {88969FCF-7447-4DA6-8E55-4844675FB2DC}
	EndGlobalSection
EndGlobal
