
Microsoft Visual Studio Solution File, Format Version 12.00
# Visual Studio Version 17
VisualStudioVersion = 17.6.33723.286
MinimumVisualStudioVersion = 10.0.40219.1
Project("{2150E333-8FDC-42A3-9474-1A3956D46DE8}") = "Core", "Core", "{4A6F10F8-9AFD-4583-A766-8D658607525B}"
EndProject
Project("{2150E333-8FDC-42A3-9474-1A3956D46DE8}") = "Tests", "Tests", "{4D1F866B-C350-48D9-95F2-4D23972753E6}"
EndProject
Project("{9A19103F-16F7-4668-BE54-9A1E7A4F7556}") = "Turmerik", "Turmerik\Turmerik.csproj", "{DEFC6A26-B047-4610-BC26-4EFE69E3D3F2}"
EndProject
Project("{9A19103F-16F7-4668-BE54-9A1E7A4F7556}") = "Turmerik.LocalDevice", "Turmerik.LocalDevice\Turmerik.LocalDevice.csproj", "{C414CEBB-0841-42BE-BA06-5EE9B36276D8}"
EndProject
Project("{9A19103F-16F7-4668-BE54-9A1E7A4F7556}") = "Turmerik.Testing", "Turmerik.Testing\Turmerik.Testing.csproj", "{72A9E37F-E979-427D-A4FA-6A35AEE7F618}"
EndProject
Project("{9A19103F-16F7-4668-BE54-9A1E7A4F7556}") = "Turmerik.LocalDevice.Testing", "Turmerik.LocalDevice.Testing\Turmerik.LocalDevice.Testing.csproj", "{7F10D627-1221-4DBB-A45A-C435C7DD20EA}"
EndProject
Project("{9A19103F-16F7-4668-BE54-9A1E7A4F7556}") = "Turmerik.LocalDevice.UnitTests", "Turmerik.LocalDevice.UnitTests\Turmerik.LocalDevice.UnitTests.csproj", "{E218F4CA-2750-46DF-B1A0-35B9020AC829}"
EndProject
Project("{9A19103F-16F7-4668-BE54-9A1E7A4F7556}") = "Turmerik.MsGraph", "Turmerik.MsGraph\Turmerik.MsGraph.csproj", "{228F79C5-F55B-4993-B9B3-DF76AE1CBCF2}"
EndProject
Project("{9A19103F-16F7-4668-BE54-9A1E7A4F7556}") = "Turmerik.AspNetCore", "Turmerik.AspNetCore\Turmerik.AspNetCore.csproj", "{C10476D0-75B1-4E13-9F56-66A00633A8A0}"
EndProject
Project("{9A19103F-16F7-4668-BE54-9A1E7A4F7556}") = "Turmerik.LocalDevice.Core", "Turmerik.LocalDevice.Core\Turmerik.LocalDevice.Core.csproj", "{4F47C352-6911-4BFB-8872-110282B323ED}"
EndProject
Project("{9A19103F-16F7-4668-BE54-9A1E7A4F7556}") = "Turmerik.LocalDevice.CloneableUnitTests", "Turmerik.LocalDevice.CloneableUnitTests\Turmerik.LocalDevice.CloneableUnitTests.csproj", "{A4E9B510-CADB-4CED-A3F7-3BD531BCEFF3}"
EndProject
Project("{9A19103F-16F7-4668-BE54-9A1E7A4F7556}") = "Turmerik.LocalDevice.ReflectionCacheUnitTests", "Turmerik.LocalDevice.ReflectionCacheUnitTests\Turmerik.LocalDevice.ReflectionCacheUnitTests.csproj", "{2C02C526-9FEF-4538-8ECC-ACE04035B84A}"
EndProject
Global
	GlobalSection(SolutionConfigurationPlatforms) = preSolution
		Debug|Any CPU = Debug|Any CPU
		Release|Any CPU = Release|Any CPU
	EndGlobalSection
	GlobalSection(ProjectConfigurationPlatforms) = postSolution
		{DEFC6A26-B047-4610-BC26-4EFE69E3D3F2}.Debug|Any CPU.ActiveCfg = Debug|Any CPU
		{DEFC6A26-B047-4610-BC26-4EFE69E3D3F2}.Debug|Any CPU.Build.0 = Debug|Any CPU
		{DEFC6A26-B047-4610-BC26-4EFE69E3D3F2}.Release|Any CPU.ActiveCfg = Release|Any CPU
		{DEFC6A26-B047-4610-BC26-4EFE69E3D3F2}.Release|Any CPU.Build.0 = Release|Any CPU
		{C414CEBB-0841-42BE-BA06-5EE9B36276D8}.Debug|Any CPU.ActiveCfg = Debug|Any CPU
		{C414CEBB-0841-42BE-BA06-5EE9B36276D8}.Debug|Any CPU.Build.0 = Debug|Any CPU
		{C414CEBB-0841-42BE-BA06-5EE9B36276D8}.Release|Any CPU.ActiveCfg = Release|Any CPU
		{C414CEBB-0841-42BE-BA06-5EE9B36276D8}.Release|Any CPU.Build.0 = Release|Any CPU
		{72A9E37F-E979-427D-A4FA-6A35AEE7F618}.Debug|Any CPU.ActiveCfg = Debug|Any CPU
		{72A9E37F-E979-427D-A4FA-6A35AEE7F618}.Debug|Any CPU.Build.0 = Debug|Any CPU
		{72A9E37F-E979-427D-A4FA-6A35AEE7F618}.Release|Any CPU.ActiveCfg = Release|Any CPU
		{72A9E37F-E979-427D-A4FA-6A35AEE7F618}.Release|Any CPU.Build.0 = Release|Any CPU
		{7F10D627-1221-4DBB-A45A-C435C7DD20EA}.Debug|Any CPU.ActiveCfg = Debug|Any CPU
		{7F10D627-1221-4DBB-A45A-C435C7DD20EA}.Debug|Any CPU.Build.0 = Debug|Any CPU
		{7F10D627-1221-4DBB-A45A-C435C7DD20EA}.Release|Any CPU.ActiveCfg = Release|Any CPU
		{7F10D627-1221-4DBB-A45A-C435C7DD20EA}.Release|Any CPU.Build.0 = Release|Any CPU
		{E218F4CA-2750-46DF-B1A0-35B9020AC829}.Debug|Any CPU.ActiveCfg = Debug|Any CPU
		{E218F4CA-2750-46DF-B1A0-35B9020AC829}.Debug|Any CPU.Build.0 = Debug|Any CPU
		{E218F4CA-2750-46DF-B1A0-35B9020AC829}.Release|Any CPU.ActiveCfg = Release|Any CPU
		{E218F4CA-2750-46DF-B1A0-35B9020AC829}.Release|Any CPU.Build.0 = Release|Any CPU
		{228F79C5-F55B-4993-B9B3-DF76AE1CBCF2}.Debug|Any CPU.ActiveCfg = Debug|Any CPU
		{228F79C5-F55B-4993-B9B3-DF76AE1CBCF2}.Debug|Any CPU.Build.0 = Debug|Any CPU
		{228F79C5-F55B-4993-B9B3-DF76AE1CBCF2}.Release|Any CPU.ActiveCfg = Release|Any CPU
		{228F79C5-F55B-4993-B9B3-DF76AE1CBCF2}.Release|Any CPU.Build.0 = Release|Any CPU
		{C10476D0-75B1-4E13-9F56-66A00633A8A0}.Debug|Any CPU.ActiveCfg = Debug|Any CPU
		{C10476D0-75B1-4E13-9F56-66A00633A8A0}.Debug|Any CPU.Build.0 = Debug|Any CPU
		{C10476D0-75B1-4E13-9F56-66A00633A8A0}.Release|Any CPU.ActiveCfg = Release|Any CPU
		{C10476D0-75B1-4E13-9F56-66A00633A8A0}.Release|Any CPU.Build.0 = Release|Any CPU
		{4F47C352-6911-4BFB-8872-110282B323ED}.Debug|Any CPU.ActiveCfg = Debug|Any CPU
		{4F47C352-6911-4BFB-8872-110282B323ED}.Debug|Any CPU.Build.0 = Debug|Any CPU
		{4F47C352-6911-4BFB-8872-110282B323ED}.Release|Any CPU.ActiveCfg = Release|Any CPU
		{4F47C352-6911-4BFB-8872-110282B323ED}.Release|Any CPU.Build.0 = Release|Any CPU
		{A4E9B510-CADB-4CED-A3F7-3BD531BCEFF3}.Debug|Any CPU.ActiveCfg = Debug|Any CPU
		{A4E9B510-CADB-4CED-A3F7-3BD531BCEFF3}.Debug|Any CPU.Build.0 = Debug|Any CPU
		{A4E9B510-CADB-4CED-A3F7-3BD531BCEFF3}.Release|Any CPU.ActiveCfg = Release|Any CPU
		{A4E9B510-CADB-4CED-A3F7-3BD531BCEFF3}.Release|Any CPU.Build.0 = Release|Any CPU
		{2C02C526-9FEF-4538-8ECC-ACE04035B84A}.Debug|Any CPU.ActiveCfg = Debug|Any CPU
		{2C02C526-9FEF-4538-8ECC-ACE04035B84A}.Debug|Any CPU.Build.0 = Debug|Any CPU
		{2C02C526-9FEF-4538-8ECC-ACE04035B84A}.Release|Any CPU.ActiveCfg = Release|Any CPU
		{2C02C526-9FEF-4538-8ECC-ACE04035B84A}.Release|Any CPU.Build.0 = Release|Any CPU
	EndGlobalSection
	GlobalSection(SolutionProperties) = preSolution
		HideSolutionNode = FALSE
	EndGlobalSection
	GlobalSection(NestedProjects) = preSolution
		{DEFC6A26-B047-4610-BC26-4EFE69E3D3F2} = {4A6F10F8-9AFD-4583-A766-8D658607525B}
		{C414CEBB-0841-42BE-BA06-5EE9B36276D8} = {4A6F10F8-9AFD-4583-A766-8D658607525B}
		{72A9E37F-E979-427D-A4FA-6A35AEE7F618} = {4A6F10F8-9AFD-4583-A766-8D658607525B}
		{7F10D627-1221-4DBB-A45A-C435C7DD20EA} = {4A6F10F8-9AFD-4583-A766-8D658607525B}
		{E218F4CA-2750-46DF-B1A0-35B9020AC829} = {4D1F866B-C350-48D9-95F2-4D23972753E6}
		{228F79C5-F55B-4993-B9B3-DF76AE1CBCF2} = {4A6F10F8-9AFD-4583-A766-8D658607525B}
		{C10476D0-75B1-4E13-9F56-66A00633A8A0} = {4A6F10F8-9AFD-4583-A766-8D658607525B}
		{4F47C352-6911-4BFB-8872-110282B323ED} = {4A6F10F8-9AFD-4583-A766-8D658607525B}
		{A4E9B510-CADB-4CED-A3F7-3BD531BCEFF3} = {4D1F866B-C350-48D9-95F2-4D23972753E6}
		{2C02C526-9FEF-4538-8ECC-ACE04035B84A} = {4D1F866B-C350-48D9-95F2-4D23972753E6}
	EndGlobalSection
	GlobalSection(ExtensibilityGlobals) = postSolution
		SolutionGuid = {E62220D2-AC49-4433-8595-02F6BFD2E4D5}
	EndGlobalSection
EndGlobal
