
Microsoft Visual Studio Solution File, Format Version 12.00
# Visual Studio Version 17
VisualStudioVersion = 17.6.33723.286
MinimumVisualStudioVersion = 10.0.40219.1
Project("{2150E333-8FDC-42A3-9474-1A3956D46DE8}") = "Core", "Core", "{F34AF913-F948-4E27-84B0-178F9EEE17BC}"
EndProject
Project("{2150E333-8FDC-42A3-9474-1A3956D46DE8}") = "Notes", "Notes", "{F0F319E3-7FA5-4714-9DA8-7584B58D6A12}"
EndProject
Project("{2150E333-8FDC-42A3-9474-1A3956D46DE8}") = "LocalFilesNotes", "LocalFilesNotes", "{87E61C79-E8A7-4612-B638-F2ED729C4452}"
EndProject
Project("{2150E333-8FDC-42A3-9474-1A3956D46DE8}") = "OneDriveNotes", "OneDriveNotes", "{4B8925EF-F2F1-497F-BF3B-CC6CE9880E23}"
EndProject
Project("{9A19103F-16F7-4668-BE54-9A1E7A4F7556}") = "Turmerik", "Turmerik\Turmerik.csproj", "{2F1684AC-3FE8-42B6-9845-408F2B88DF5E}"
EndProject
Project("{9A19103F-16F7-4668-BE54-9A1E7A4F7556}") = "Turmerik.LocalDevice", "Turmerik.LocalDevice\Turmerik.LocalDevice.csproj", "{E6A15A66-A614-48EA-8A21-38C0255D1A26}"
EndProject
Project("{9A19103F-16F7-4668-BE54-9A1E7A4F7556}") = "Turmerik.MsGraph", "Turmerik.MsGraph\Turmerik.MsGraph.csproj", "{C0DECEF7-FB14-4F50-A858-31B32258B54F}"
EndProject
Global
	GlobalSection(SolutionConfigurationPlatforms) = preSolution
		Debug|Any CPU = Debug|Any CPU
		Release|Any CPU = Release|Any CPU
	EndGlobalSection
	GlobalSection(ProjectConfigurationPlatforms) = postSolution
		{2F1684AC-3FE8-42B6-9845-408F2B88DF5E}.Debug|Any CPU.ActiveCfg = Debug|Any CPU
		{2F1684AC-3FE8-42B6-9845-408F2B88DF5E}.Debug|Any CPU.Build.0 = Debug|Any CPU
		{2F1684AC-3FE8-42B6-9845-408F2B88DF5E}.Release|Any CPU.ActiveCfg = Release|Any CPU
		{2F1684AC-3FE8-42B6-9845-408F2B88DF5E}.Release|Any CPU.Build.0 = Release|Any CPU
		{E6A15A66-A614-48EA-8A21-38C0255D1A26}.Debug|Any CPU.ActiveCfg = Debug|Any CPU
		{E6A15A66-A614-48EA-8A21-38C0255D1A26}.Debug|Any CPU.Build.0 = Debug|Any CPU
		{E6A15A66-A614-48EA-8A21-38C0255D1A26}.Release|Any CPU.ActiveCfg = Release|Any CPU
		{E6A15A66-A614-48EA-8A21-38C0255D1A26}.Release|Any CPU.Build.0 = Release|Any CPU
		{C0DECEF7-FB14-4F50-A858-31B32258B54F}.Debug|Any CPU.ActiveCfg = Debug|Any CPU
		{C0DECEF7-FB14-4F50-A858-31B32258B54F}.Debug|Any CPU.Build.0 = Debug|Any CPU
		{C0DECEF7-FB14-4F50-A858-31B32258B54F}.Release|Any CPU.ActiveCfg = Release|Any CPU
		{C0DECEF7-FB14-4F50-A858-31B32258B54F}.Release|Any CPU.Build.0 = Release|Any CPU
	EndGlobalSection
	GlobalSection(SolutionProperties) = preSolution
		HideSolutionNode = FALSE
	EndGlobalSection
	GlobalSection(NestedProjects) = preSolution
		{87E61C79-E8A7-4612-B638-F2ED729C4452} = {F0F319E3-7FA5-4714-9DA8-7584B58D6A12}
		{4B8925EF-F2F1-497F-BF3B-CC6CE9880E23} = {F0F319E3-7FA5-4714-9DA8-7584B58D6A12}
		{2F1684AC-3FE8-42B6-9845-408F2B88DF5E} = {F34AF913-F948-4E27-84B0-178F9EEE17BC}
		{E6A15A66-A614-48EA-8A21-38C0255D1A26} = {F34AF913-F948-4E27-84B0-178F9EEE17BC}
		{C0DECEF7-FB14-4F50-A858-31B32258B54F} = {F34AF913-F948-4E27-84B0-178F9EEE17BC}
	EndGlobalSection
	GlobalSection(ExtensibilityGlobals) = postSolution
		SolutionGuid = {B583E1E2-B993-47D8-9E0E-A4381A1F31F8}
	EndGlobalSection
EndGlobal
