
Microsoft Visual Studio Solution File, Format Version 12.00
# Visual Studio Version 17
VisualStudioVersion = 17.6.33723.286
MinimumVisualStudioVersion = 10.0.40219.1
Project("{2150E333-8FDC-42A3-9474-1A3956D46DE8}") = "Core", "Core", "{E9A3255F-0E33-4796-A489-8B4C016C573A}"
EndProject
Project("{2150E333-8FDC-42A3-9474-1A3956D46DE8}") = "UnitTests", "UnitTests", "{D5115A7C-0835-4E11-9EE7-BB5AA80031F2}"
EndProject
Project("{2150E333-8FDC-42A3-9474-1A3956D46DE8}") = "LocalFilesExplorer", "LocalFilesExplorer", "{BE50DEF6-C9A9-40ED-8538-3496CAAD368C}"
EndProject
Project("{2150E333-8FDC-42A3-9474-1A3956D46DE8}") = "DriveExplorer", "DriveExplorer", "{FE3B7E03-86A7-4528-8326-0AF4E12BB047}"
EndProject
Project("{2150E333-8FDC-42A3-9474-1A3956D46DE8}") = "OneDriveExplorer", "OneDriveExplorer", "{58BAE0C6-C1C8-438B-9C33-9C5A39E3563F}"
EndProject
Project("{2150E333-8FDC-42A3-9474-1A3956D46DE8}") = "Notes", "Notes", "{EE57275A-1D63-4F26-B334-5BBF9317FCB2}"
EndProject
Project("{2150E333-8FDC-42A3-9474-1A3956D46DE8}") = "OneDriveNotes", "OneDriveNotes", "{30322704-5F35-405B-8D8C-111E26E981C4}"
EndProject
Project("{2150E333-8FDC-42A3-9474-1A3956D46DE8}") = "LocalDeviceNotes", "LocalDeviceNotes", "{3A4491C8-1011-4A18-A885-485B27CBB9F0}"
EndProject
Project("{2150E333-8FDC-42A3-9474-1A3956D46DE8}") = "MailClient", "MailClient", "{4EEE95DB-CD62-4D3C-9618-3179070E880A}"
EndProject
Project("{2150E333-8FDC-42A3-9474-1A3956D46DE8}") = "Contacts", "Contacts", "{F98DC048-4BC5-4ADD-845A-0A05EBF02732}"
EndProject
Project("{2150E333-8FDC-42A3-9474-1A3956D46DE8}") = "GoogleContacts", "GoogleContacts", "{8288C9CD-4A86-4CCF-8340-85937DBED694}"
EndProject
Project("{2150E333-8FDC-42A3-9474-1A3956D46DE8}") = "AppleContacts", "AppleContacts", "{C54E0581-93C4-4ED5-961A-E403E0251DA2}"
EndProject
Project("{2150E333-8FDC-42A3-9474-1A3956D46DE8}") = "GmailClient", "GmailClient", "{021D8660-6B71-4C01-9CBD-B4019E2CE1D0}"
EndProject
Project("{2150E333-8FDC-42A3-9474-1A3956D46DE8}") = "OutlookMailClient", "OutlookMailClient", "{D0E4A96B-1449-44B6-867E-B5FC5D12F437}"
EndProject
Project("{2150E333-8FDC-42A3-9474-1A3956D46DE8}") = "Code", "Code", "{F4E9C8A2-B1F4-43CA-ABF4-D95692F3C8EF}"
EndProject
Project("{2150E333-8FDC-42A3-9474-1A3956D46DE8}") = "SwDev", "SwDev", "{12FEC7E3-9D8C-46DE-B949-193A3550FE2C}"
EndProject
Project("{9A19103F-16F7-4668-BE54-9A1E7A4F7556}") = "Turmerik", "Turmerik\Turmerik.csproj", "{84AA75FF-0E41-4F45-8B9B-31E44645365B}"
EndProject
Project("{9A19103F-16F7-4668-BE54-9A1E7A4F7556}") = "Turmerik.LocalDevice", "Turmerik.LocalDevice\Turmerik.LocalDevice.csproj", "{C15B9DE5-4E8C-492F-AA17-2A794F11A5FC}"
EndProject
Project("{9A19103F-16F7-4668-BE54-9A1E7A4F7556}") = "Turmerik.LocalDevice.Testing", "Turmerik.LocalDevice.Testing\Turmerik.LocalDevice.Testing.csproj", "{21C08191-BAB8-4F89-8A35-7B57AD81044D}"
EndProject
Project("{9A19103F-16F7-4668-BE54-9A1E7A4F7556}") = "Turmerik.Testing", "Turmerik.Testing\Turmerik.Testing.csproj", "{4B748CDE-C029-4B0E-89AC-6F3CB221AC62}"
EndProject
Project("{9A19103F-16F7-4668-BE54-9A1E7A4F7556}") = "Turmerik.LocalDevice.UnitTests", "Turmerik.LocalDevice.UnitTests\Turmerik.LocalDevice.UnitTests.csproj", "{FD72646E-6BF2-4A39-89EC-8F336648CD01}"
EndProject
Project("{9A19103F-16F7-4668-BE54-9A1E7A4F7556}") = "Turmerik.MsGraph", "Turmerik.MsGraph\Turmerik.MsGraph.csproj", "{9D3AEBFA-5610-45CC-A6B2-F3F0B94822FE}"
EndProject
Project("{9A19103F-16F7-4668-BE54-9A1E7A4F7556}") = "Turmerik.AspNetCore", "Turmerik.AspNetCore\Turmerik.AspNetCore.csproj", "{5E36697B-B974-4FFF-B06F-8D2321DB3F3C}"
EndProject
Project("{9A19103F-16F7-4668-BE54-9A1E7A4F7556}") = "Turmerik.LocalFilesExplorer.AspNetCoreApp", "Turmerik.LocalFilesExplorer.AspNetCoreApp\Turmerik.LocalFilesExplorer.AspNetCoreApp.csproj", "{6B611776-A249-4572-8719-2F25F1D9EF67}"
EndProject
Project("{9A19103F-16F7-4668-BE54-9A1E7A4F7556}") = "Turmerik.LocalDevice.ReflectionCacheUnitTests", "Turmerik.LocalDevice.ReflectionCacheUnitTests\Turmerik.LocalDevice.ReflectionCacheUnitTests.csproj", "{23381B34-074D-4956-AC0D-2A8DC841B29E}"
EndProject
Project("{9A19103F-16F7-4668-BE54-9A1E7A4F7556}") = "Turmerik.Core", "Turmerik.Core\Turmerik.Core.csproj", "{AC31C2CA-DB3F-470E-8200-519D0DCCB3B5}"
EndProject
Project("{9A19103F-16F7-4668-BE54-9A1E7A4F7556}") = "Turmerik.LocalDevice.Core", "Turmerik.LocalDevice.Core\Turmerik.LocalDevice.Core.csproj", "{5F16EB51-0BA3-4549-B6E2-B14A83AD89B5}"
EndProject
Project("{9A19103F-16F7-4668-BE54-9A1E7A4F7556}") = "Turmerik.LocalFilesExplorer.AspNetCoreApp.UnitTests", "Turmerik.LocalFilesExplorer.AspNetCoreApp.UnitTests\Turmerik.LocalFilesExplorer.AspNetCoreApp.UnitTests.csproj", "{290A666D-2912-47E9-A30D-F3CA4A78C037}"
EndProject
Project("{FAE04EC0-301F-11D3-BF4B-00C04F79EFBC}") = "Turmerik.MsVSTextTemplating", "Turmerik.MsVSTextTemplating\Turmerik.MsVSTextTemplating.csproj", "{2468049C-90D3-46F2-B3D3-F3E4273EEB92}"
EndProject
Project("{FAE04EC0-301F-11D3-BF4B-00C04F79EFBC}") = "Turmerik.MsVSTextTemplating.UnitTests", "Turmerik.MsVSTextTemplating.UnitTests\Turmerik.MsVSTextTemplating.UnitTests.csproj", "{BD2BBD4C-41BA-43C3-AEFF-3C139BF74640}"
EndProject
Project("{FAE04EC0-301F-11D3-BF4B-00C04F79EFBC}") = "Turmerik.Testing.NetFx", "Turmerik.Testing.NetFx\Turmerik.Testing.NetFx.csproj", "{EF4DBDE9-E40F-4DA9-BD60-750E145FB0E5}"
EndProject
Project("{9A19103F-16F7-4668-BE54-9A1E7A4F7556}") = "Turmerik.CodeAnalysis.Core", "Turmerik.CodeAnalysis.Core\Turmerik.CodeAnalysis.Core.csproj", "{8D19E346-0C33-4778-BDD0-012C3A2545C0}"
EndProject
Project("{2150E333-8FDC-42A3-9474-1A3956D46DE8}") = "TestApps", "TestApps", "{6AD730D0-C509-4FBC-9620-BC288BDF4CEF}"
EndProject
Project("{FAE04EC0-301F-11D3-BF4B-00C04F79EFBC}") = "Turmerik.CodeAnalysis.WinFormsTestApp", "Turmerik.CodeAnalysis.WinFormsTestApp\Turmerik.CodeAnalysis.WinFormsTestApp.csproj", "{984B11CD-D307-4488-9532-1D857EE2975E}"
EndProject
Project("{2150E333-8FDC-42A3-9474-1A3956D46DE8}") = "UtilityApps", "UtilityApps", "{58B107F0-C220-4721-82B6-E77C972AEE4D}"
EndProject
Project("{FAE04EC0-301F-11D3-BF4B-00C04F79EFBC}") = "Turmerik.WinForms", "Turmerik.WinForms\Turmerik.WinForms.csproj", "{8E3A7878-69F3-4AC1-AE28-77920AD3E60A}"
EndProject
Project("{FAE04EC0-301F-11D3-BF4B-00C04F79EFBC}") = "Turmerik.TextUtils.WinFormsApp", "Turmerik.TextUtils.WinFormsApp\Turmerik.TextUtils.WinFormsApp.csproj", "{673502EA-744D-436D-A3BF-5EC5881E257A}"
EndProject
Project("{9A19103F-16F7-4668-BE54-9A1E7A4F7556}") = "Turmerik.PureFuncJs.Core", "Turmerik.PureFuncJs.Core\Turmerik.PureFuncJs.Core.csproj", "{08E959D5-7347-418D-816E-ED60A3EC87B4}"
EndProject
Project("{9A19103F-16F7-4668-BE54-9A1E7A4F7556}") = "Turmerik.PureFuncJs.UnitTests", "Turmerik.PureFuncJs.UnitTests\Turmerik.PureFuncJs.UnitTests.csproj", "{5DD53BED-3E25-4E34-B35C-9251A325C352}"
EndProject
Project("{9A19103F-16F7-4668-BE54-9A1E7A4F7556}") = "Turmerik.PureFuncJs.TestConsoleApp", "Turmerik.PureFuncJs.TestConsoleApp\Turmerik.PureFuncJs.TestConsoleApp.csproj", "{9DE7D3FD-9244-4FF4-9092-A5266771C3FF}"
EndProject
Project("{FAE04EC0-301F-11D3-BF4B-00C04F79EFBC}") = "Turmerik.PureFuncJsPlayground.WinFormsApp", "Turmerik.PureFuncJsPlayground.WinFormsApp\Turmerik.PureFuncJsPlayground.WinFormsApp.csproj", "{CFC08B8A-84BF-4C0E-B6D6-713759234856}"
EndProject
Project("{9A19103F-16F7-4668-BE54-9A1E7A4F7556}") = "Turmerik.SharedLogFileTestConsoleApp", "Turmerik.SharedLogFileTestConsoleApp\Turmerik.SharedLogFileTestConsoleApp.csproj", "{2FCA26D6-22A2-4FE5-ACAA-4125A46B2F25}"
EndProject
Project("{9A19103F-16F7-4668-BE54-9A1E7A4F7556}") = "Turmerik.SharedRandomAccessLogFileTestConsoleApp", "Turmerik.SharedRandomAccessLogFileTestConsoleApp\Turmerik.SharedRandomAccessLogFileTestConsoleApp.csproj", "{1703FBE0-F74D-442C-BDBF-BA49EC2C0C3B}"
EndProject
Project("{9A19103F-16F7-4668-BE54-9A1E7A4F7556}") = "Turmerik.LaunchApp", "Turmerik.LaunchApp\Turmerik.LaunchApp.csproj", "{B12BDB17-10C9-4C91-9081-76DC02043241}"
EndProject
Project("{FAE04EC0-301F-11D3-BF4B-00C04F79EFBC}") = "Turmerik.TextIndentMdLines.ConsoleApp", "Turmerik.TextIndentMdLines.ConsoleApp\Turmerik.TextIndentMdLines.ConsoleApp.csproj", "{B83C1BF9-D142-4C4F-AC65-DA8E74514187}"
EndProject
Project("{FAE04EC0-301F-11D3-BF4B-00C04F79EFBC}") = "Turmerik.TextTabsToMdTable.ConsoleApp", "Turmerik.TextTabsToMdTable.ConsoleApp\Turmerik.TextTabsToMdTable.ConsoleApp.csproj", "{756389F1-DB76-4C8F-8856-FC0DC6320490}"
EndProject
Project("{9A19103F-16F7-4668-BE54-9A1E7A4F7556}") = "Turmerik.UtilityAppsLib.Core", "Turmerik.UtilityAppsLib.Core\Turmerik.UtilityAppsLib.Core.csproj", "{1EA423DD-3D05-4689-A53C-0F4B8033B07E}"
EndProject
Project("{FAE04EC0-301F-11D3-BF4B-00C04F79EFBC}") = "Turmerik.NotesMkFsDirsPair.ConsoleApp", "Turmerik.NotesMkFsDirsPair.ConsoleApp\Turmerik.NotesMkFsDirsPair.ConsoleApp.csproj", "{BAFCC1D3-7FA4-471D-B561-EABE94D7EBE3}"
EndProject
Global
	GlobalSection(SolutionConfigurationPlatforms) = preSolution
		Debug|Any CPU = Debug|Any CPU
		Release|Any CPU = Release|Any CPU
	EndGlobalSection
	GlobalSection(ProjectConfigurationPlatforms) = postSolution
		{84AA75FF-0E41-4F45-8B9B-31E44645365B}.Debug|Any CPU.ActiveCfg = Debug|Any CPU
		{84AA75FF-0E41-4F45-8B9B-31E44645365B}.Debug|Any CPU.Build.0 = Debug|Any CPU
		{84AA75FF-0E41-4F45-8B9B-31E44645365B}.Release|Any CPU.ActiveCfg = Release|Any CPU
		{84AA75FF-0E41-4F45-8B9B-31E44645365B}.Release|Any CPU.Build.0 = Release|Any CPU
		{C15B9DE5-4E8C-492F-AA17-2A794F11A5FC}.Debug|Any CPU.ActiveCfg = Debug|Any CPU
		{C15B9DE5-4E8C-492F-AA17-2A794F11A5FC}.Debug|Any CPU.Build.0 = Debug|Any CPU
		{C15B9DE5-4E8C-492F-AA17-2A794F11A5FC}.Release|Any CPU.ActiveCfg = Release|Any CPU
		{C15B9DE5-4E8C-492F-AA17-2A794F11A5FC}.Release|Any CPU.Build.0 = Release|Any CPU
		{21C08191-BAB8-4F89-8A35-7B57AD81044D}.Debug|Any CPU.ActiveCfg = Debug|Any CPU
		{21C08191-BAB8-4F89-8A35-7B57AD81044D}.Debug|Any CPU.Build.0 = Debug|Any CPU
		{21C08191-BAB8-4F89-8A35-7B57AD81044D}.Release|Any CPU.ActiveCfg = Release|Any CPU
		{21C08191-BAB8-4F89-8A35-7B57AD81044D}.Release|Any CPU.Build.0 = Release|Any CPU
		{4B748CDE-C029-4B0E-89AC-6F3CB221AC62}.Debug|Any CPU.ActiveCfg = Debug|Any CPU
		{4B748CDE-C029-4B0E-89AC-6F3CB221AC62}.Debug|Any CPU.Build.0 = Debug|Any CPU
		{4B748CDE-C029-4B0E-89AC-6F3CB221AC62}.Release|Any CPU.ActiveCfg = Release|Any CPU
		{4B748CDE-C029-4B0E-89AC-6F3CB221AC62}.Release|Any CPU.Build.0 = Release|Any CPU
		{FD72646E-6BF2-4A39-89EC-8F336648CD01}.Debug|Any CPU.ActiveCfg = Debug|Any CPU
		{FD72646E-6BF2-4A39-89EC-8F336648CD01}.Debug|Any CPU.Build.0 = Debug|Any CPU
		{FD72646E-6BF2-4A39-89EC-8F336648CD01}.Release|Any CPU.ActiveCfg = Release|Any CPU
		{FD72646E-6BF2-4A39-89EC-8F336648CD01}.Release|Any CPU.Build.0 = Release|Any CPU
		{9D3AEBFA-5610-45CC-A6B2-F3F0B94822FE}.Debug|Any CPU.ActiveCfg = Debug|Any CPU
		{9D3AEBFA-5610-45CC-A6B2-F3F0B94822FE}.Debug|Any CPU.Build.0 = Debug|Any CPU
		{9D3AEBFA-5610-45CC-A6B2-F3F0B94822FE}.Release|Any CPU.ActiveCfg = Release|Any CPU
		{9D3AEBFA-5610-45CC-A6B2-F3F0B94822FE}.Release|Any CPU.Build.0 = Release|Any CPU
		{5E36697B-B974-4FFF-B06F-8D2321DB3F3C}.Debug|Any CPU.ActiveCfg = Debug|Any CPU
		{5E36697B-B974-4FFF-B06F-8D2321DB3F3C}.Debug|Any CPU.Build.0 = Debug|Any CPU
		{5E36697B-B974-4FFF-B06F-8D2321DB3F3C}.Release|Any CPU.ActiveCfg = Release|Any CPU
		{5E36697B-B974-4FFF-B06F-8D2321DB3F3C}.Release|Any CPU.Build.0 = Release|Any CPU
		{6B611776-A249-4572-8719-2F25F1D9EF67}.Debug|Any CPU.ActiveCfg = Debug|Any CPU
		{6B611776-A249-4572-8719-2F25F1D9EF67}.Debug|Any CPU.Build.0 = Debug|Any CPU
		{6B611776-A249-4572-8719-2F25F1D9EF67}.Release|Any CPU.ActiveCfg = Release|Any CPU
		{6B611776-A249-4572-8719-2F25F1D9EF67}.Release|Any CPU.Build.0 = Release|Any CPU
		{23381B34-074D-4956-AC0D-2A8DC841B29E}.Debug|Any CPU.ActiveCfg = Debug|Any CPU
		{23381B34-074D-4956-AC0D-2A8DC841B29E}.Debug|Any CPU.Build.0 = Debug|Any CPU
		{23381B34-074D-4956-AC0D-2A8DC841B29E}.Release|Any CPU.ActiveCfg = Release|Any CPU
		{23381B34-074D-4956-AC0D-2A8DC841B29E}.Release|Any CPU.Build.0 = Release|Any CPU
		{AC31C2CA-DB3F-470E-8200-519D0DCCB3B5}.Debug|Any CPU.ActiveCfg = Debug|Any CPU
		{AC31C2CA-DB3F-470E-8200-519D0DCCB3B5}.Debug|Any CPU.Build.0 = Debug|Any CPU
		{AC31C2CA-DB3F-470E-8200-519D0DCCB3B5}.Release|Any CPU.ActiveCfg = Release|Any CPU
		{AC31C2CA-DB3F-470E-8200-519D0DCCB3B5}.Release|Any CPU.Build.0 = Release|Any CPU
		{5F16EB51-0BA3-4549-B6E2-B14A83AD89B5}.Debug|Any CPU.ActiveCfg = Debug|Any CPU
		{5F16EB51-0BA3-4549-B6E2-B14A83AD89B5}.Debug|Any CPU.Build.0 = Debug|Any CPU
		{5F16EB51-0BA3-4549-B6E2-B14A83AD89B5}.Release|Any CPU.ActiveCfg = Release|Any CPU
		{5F16EB51-0BA3-4549-B6E2-B14A83AD89B5}.Release|Any CPU.Build.0 = Release|Any CPU
		{290A666D-2912-47E9-A30D-F3CA4A78C037}.Debug|Any CPU.ActiveCfg = Debug|Any CPU
		{290A666D-2912-47E9-A30D-F3CA4A78C037}.Debug|Any CPU.Build.0 = Debug|Any CPU
		{290A666D-2912-47E9-A30D-F3CA4A78C037}.Release|Any CPU.ActiveCfg = Release|Any CPU
		{290A666D-2912-47E9-A30D-F3CA4A78C037}.Release|Any CPU.Build.0 = Release|Any CPU
		{2468049C-90D3-46F2-B3D3-F3E4273EEB92}.Debug|Any CPU.ActiveCfg = Debug|Any CPU
		{2468049C-90D3-46F2-B3D3-F3E4273EEB92}.Debug|Any CPU.Build.0 = Debug|Any CPU
		{2468049C-90D3-46F2-B3D3-F3E4273EEB92}.Release|Any CPU.ActiveCfg = Release|Any CPU
		{2468049C-90D3-46F2-B3D3-F3E4273EEB92}.Release|Any CPU.Build.0 = Release|Any CPU
		{BD2BBD4C-41BA-43C3-AEFF-3C139BF74640}.Debug|Any CPU.ActiveCfg = Debug|Any CPU
		{BD2BBD4C-41BA-43C3-AEFF-3C139BF74640}.Debug|Any CPU.Build.0 = Debug|Any CPU
		{BD2BBD4C-41BA-43C3-AEFF-3C139BF74640}.Release|Any CPU.ActiveCfg = Release|Any CPU
		{BD2BBD4C-41BA-43C3-AEFF-3C139BF74640}.Release|Any CPU.Build.0 = Release|Any CPU
		{EF4DBDE9-E40F-4DA9-BD60-750E145FB0E5}.Debug|Any CPU.ActiveCfg = Debug|Any CPU
		{EF4DBDE9-E40F-4DA9-BD60-750E145FB0E5}.Debug|Any CPU.Build.0 = Debug|Any CPU
		{EF4DBDE9-E40F-4DA9-BD60-750E145FB0E5}.Release|Any CPU.ActiveCfg = Release|Any CPU
		{EF4DBDE9-E40F-4DA9-BD60-750E145FB0E5}.Release|Any CPU.Build.0 = Release|Any CPU
		{8D19E346-0C33-4778-BDD0-012C3A2545C0}.Debug|Any CPU.ActiveCfg = Debug|Any CPU
		{8D19E346-0C33-4778-BDD0-012C3A2545C0}.Debug|Any CPU.Build.0 = Debug|Any CPU
		{8D19E346-0C33-4778-BDD0-012C3A2545C0}.Release|Any CPU.ActiveCfg = Release|Any CPU
		{8D19E346-0C33-4778-BDD0-012C3A2545C0}.Release|Any CPU.Build.0 = Release|Any CPU
		{984B11CD-D307-4488-9532-1D857EE2975E}.Debug|Any CPU.ActiveCfg = Debug|Any CPU
		{984B11CD-D307-4488-9532-1D857EE2975E}.Debug|Any CPU.Build.0 = Debug|Any CPU
		{984B11CD-D307-4488-9532-1D857EE2975E}.Release|Any CPU.ActiveCfg = Release|Any CPU
		{984B11CD-D307-4488-9532-1D857EE2975E}.Release|Any CPU.Build.0 = Release|Any CPU
		{8E3A7878-69F3-4AC1-AE28-77920AD3E60A}.Debug|Any CPU.ActiveCfg = Debug|Any CPU
		{8E3A7878-69F3-4AC1-AE28-77920AD3E60A}.Debug|Any CPU.Build.0 = Debug|Any CPU
		{8E3A7878-69F3-4AC1-AE28-77920AD3E60A}.Release|Any CPU.ActiveCfg = Release|Any CPU
		{8E3A7878-69F3-4AC1-AE28-77920AD3E60A}.Release|Any CPU.Build.0 = Release|Any CPU
		{673502EA-744D-436D-A3BF-5EC5881E257A}.Debug|Any CPU.ActiveCfg = Debug|Any CPU
		{673502EA-744D-436D-A3BF-5EC5881E257A}.Debug|Any CPU.Build.0 = Debug|Any CPU
		{673502EA-744D-436D-A3BF-5EC5881E257A}.Release|Any CPU.ActiveCfg = Release|Any CPU
		{673502EA-744D-436D-A3BF-5EC5881E257A}.Release|Any CPU.Build.0 = Release|Any CPU
		{08E959D5-7347-418D-816E-ED60A3EC87B4}.Debug|Any CPU.ActiveCfg = Debug|Any CPU
		{08E959D5-7347-418D-816E-ED60A3EC87B4}.Debug|Any CPU.Build.0 = Debug|Any CPU
		{08E959D5-7347-418D-816E-ED60A3EC87B4}.Release|Any CPU.ActiveCfg = Release|Any CPU
		{08E959D5-7347-418D-816E-ED60A3EC87B4}.Release|Any CPU.Build.0 = Release|Any CPU
		{5DD53BED-3E25-4E34-B35C-9251A325C352}.Debug|Any CPU.ActiveCfg = Debug|Any CPU
		{5DD53BED-3E25-4E34-B35C-9251A325C352}.Debug|Any CPU.Build.0 = Debug|Any CPU
		{5DD53BED-3E25-4E34-B35C-9251A325C352}.Release|Any CPU.ActiveCfg = Release|Any CPU
		{5DD53BED-3E25-4E34-B35C-9251A325C352}.Release|Any CPU.Build.0 = Release|Any CPU
		{9DE7D3FD-9244-4FF4-9092-A5266771C3FF}.Debug|Any CPU.ActiveCfg = Debug|Any CPU
		{9DE7D3FD-9244-4FF4-9092-A5266771C3FF}.Debug|Any CPU.Build.0 = Debug|Any CPU
		{9DE7D3FD-9244-4FF4-9092-A5266771C3FF}.Release|Any CPU.ActiveCfg = Release|Any CPU
		{9DE7D3FD-9244-4FF4-9092-A5266771C3FF}.Release|Any CPU.Build.0 = Release|Any CPU
		{CFC08B8A-84BF-4C0E-B6D6-713759234856}.Debug|Any CPU.ActiveCfg = Debug|Any CPU
		{CFC08B8A-84BF-4C0E-B6D6-713759234856}.Debug|Any CPU.Build.0 = Debug|Any CPU
		{CFC08B8A-84BF-4C0E-B6D6-713759234856}.Release|Any CPU.ActiveCfg = Release|Any CPU
		{CFC08B8A-84BF-4C0E-B6D6-713759234856}.Release|Any CPU.Build.0 = Release|Any CPU
		{2FCA26D6-22A2-4FE5-ACAA-4125A46B2F25}.Debug|Any CPU.ActiveCfg = Debug|Any CPU
		{2FCA26D6-22A2-4FE5-ACAA-4125A46B2F25}.Debug|Any CPU.Build.0 = Debug|Any CPU
		{2FCA26D6-22A2-4FE5-ACAA-4125A46B2F25}.Release|Any CPU.ActiveCfg = Release|Any CPU
		{2FCA26D6-22A2-4FE5-ACAA-4125A46B2F25}.Release|Any CPU.Build.0 = Release|Any CPU
		{1703FBE0-F74D-442C-BDBF-BA49EC2C0C3B}.Debug|Any CPU.ActiveCfg = Debug|Any CPU
		{1703FBE0-F74D-442C-BDBF-BA49EC2C0C3B}.Debug|Any CPU.Build.0 = Debug|Any CPU
		{1703FBE0-F74D-442C-BDBF-BA49EC2C0C3B}.Release|Any CPU.ActiveCfg = Release|Any CPU
		{1703FBE0-F74D-442C-BDBF-BA49EC2C0C3B}.Release|Any CPU.Build.0 = Release|Any CPU
		{B12BDB17-10C9-4C91-9081-76DC02043241}.Debug|Any CPU.ActiveCfg = Debug|Any CPU
		{B12BDB17-10C9-4C91-9081-76DC02043241}.Debug|Any CPU.Build.0 = Debug|Any CPU
		{B12BDB17-10C9-4C91-9081-76DC02043241}.Release|Any CPU.ActiveCfg = Release|Any CPU
		{B12BDB17-10C9-4C91-9081-76DC02043241}.Release|Any CPU.Build.0 = Release|Any CPU
		{B83C1BF9-D142-4C4F-AC65-DA8E74514187}.Debug|Any CPU.ActiveCfg = Debug|Any CPU
		{B83C1BF9-D142-4C4F-AC65-DA8E74514187}.Debug|Any CPU.Build.0 = Debug|Any CPU
		{B83C1BF9-D142-4C4F-AC65-DA8E74514187}.Release|Any CPU.ActiveCfg = Release|Any CPU
		{B83C1BF9-D142-4C4F-AC65-DA8E74514187}.Release|Any CPU.Build.0 = Release|Any CPU
		{756389F1-DB76-4C8F-8856-FC0DC6320490}.Debug|Any CPU.ActiveCfg = Debug|Any CPU
		{756389F1-DB76-4C8F-8856-FC0DC6320490}.Debug|Any CPU.Build.0 = Debug|Any CPU
		{756389F1-DB76-4C8F-8856-FC0DC6320490}.Release|Any CPU.ActiveCfg = Release|Any CPU
		{756389F1-DB76-4C8F-8856-FC0DC6320490}.Release|Any CPU.Build.0 = Release|Any CPU
		{1EA423DD-3D05-4689-A53C-0F4B8033B07E}.Debug|Any CPU.ActiveCfg = Debug|Any CPU
		{1EA423DD-3D05-4689-A53C-0F4B8033B07E}.Debug|Any CPU.Build.0 = Debug|Any CPU
		{1EA423DD-3D05-4689-A53C-0F4B8033B07E}.Release|Any CPU.ActiveCfg = Release|Any CPU
		{1EA423DD-3D05-4689-A53C-0F4B8033B07E}.Release|Any CPU.Build.0 = Release|Any CPU
		{BAFCC1D3-7FA4-471D-B561-EABE94D7EBE3}.Debug|Any CPU.ActiveCfg = Debug|Any CPU
		{BAFCC1D3-7FA4-471D-B561-EABE94D7EBE3}.Debug|Any CPU.Build.0 = Debug|Any CPU
		{BAFCC1D3-7FA4-471D-B561-EABE94D7EBE3}.Release|Any CPU.ActiveCfg = Release|Any CPU
		{BAFCC1D3-7FA4-471D-B561-EABE94D7EBE3}.Release|Any CPU.Build.0 = Release|Any CPU
	EndGlobalSection
	GlobalSection(SolutionProperties) = preSolution
		HideSolutionNode = FALSE
	EndGlobalSection
	GlobalSection(NestedProjects) = preSolution
		{BE50DEF6-C9A9-40ED-8538-3496CAAD368C} = {FE3B7E03-86A7-4528-8326-0AF4E12BB047}
		{58BAE0C6-C1C8-438B-9C33-9C5A39E3563F} = {FE3B7E03-86A7-4528-8326-0AF4E12BB047}
		{30322704-5F35-405B-8D8C-111E26E981C4} = {EE57275A-1D63-4F26-B334-5BBF9317FCB2}
		{3A4491C8-1011-4A18-A885-485B27CBB9F0} = {EE57275A-1D63-4F26-B334-5BBF9317FCB2}
		{8288C9CD-4A86-4CCF-8340-85937DBED694} = {F98DC048-4BC5-4ADD-845A-0A05EBF02732}
		{C54E0581-93C4-4ED5-961A-E403E0251DA2} = {F98DC048-4BC5-4ADD-845A-0A05EBF02732}
		{021D8660-6B71-4C01-9CBD-B4019E2CE1D0} = {4EEE95DB-CD62-4D3C-9618-3179070E880A}
		{D0E4A96B-1449-44B6-867E-B5FC5D12F437} = {4EEE95DB-CD62-4D3C-9618-3179070E880A}
		{F4E9C8A2-B1F4-43CA-ABF4-D95692F3C8EF} = {12FEC7E3-9D8C-46DE-B949-193A3550FE2C}
		{84AA75FF-0E41-4F45-8B9B-31E44645365B} = {E9A3255F-0E33-4796-A489-8B4C016C573A}
		{C15B9DE5-4E8C-492F-AA17-2A794F11A5FC} = {E9A3255F-0E33-4796-A489-8B4C016C573A}
		{21C08191-BAB8-4F89-8A35-7B57AD81044D} = {E9A3255F-0E33-4796-A489-8B4C016C573A}
		{4B748CDE-C029-4B0E-89AC-6F3CB221AC62} = {E9A3255F-0E33-4796-A489-8B4C016C573A}
		{FD72646E-6BF2-4A39-89EC-8F336648CD01} = {D5115A7C-0835-4E11-9EE7-BB5AA80031F2}
		{9D3AEBFA-5610-45CC-A6B2-F3F0B94822FE} = {E9A3255F-0E33-4796-A489-8B4C016C573A}
		{5E36697B-B974-4FFF-B06F-8D2321DB3F3C} = {E9A3255F-0E33-4796-A489-8B4C016C573A}
		{6B611776-A249-4572-8719-2F25F1D9EF67} = {BE50DEF6-C9A9-40ED-8538-3496CAAD368C}
		{23381B34-074D-4956-AC0D-2A8DC841B29E} = {D5115A7C-0835-4E11-9EE7-BB5AA80031F2}
		{AC31C2CA-DB3F-470E-8200-519D0DCCB3B5} = {E9A3255F-0E33-4796-A489-8B4C016C573A}
		{5F16EB51-0BA3-4549-B6E2-B14A83AD89B5} = {E9A3255F-0E33-4796-A489-8B4C016C573A}
		{290A666D-2912-47E9-A30D-F3CA4A78C037} = {BE50DEF6-C9A9-40ED-8538-3496CAAD368C}
		{2468049C-90D3-46F2-B3D3-F3E4273EEB92} = {E9A3255F-0E33-4796-A489-8B4C016C573A}
		{BD2BBD4C-41BA-43C3-AEFF-3C139BF74640} = {D5115A7C-0835-4E11-9EE7-BB5AA80031F2}
		{EF4DBDE9-E40F-4DA9-BD60-750E145FB0E5} = {E9A3255F-0E33-4796-A489-8B4C016C573A}
		{8D19E346-0C33-4778-BDD0-012C3A2545C0} = {E9A3255F-0E33-4796-A489-8B4C016C573A}
		{984B11CD-D307-4488-9532-1D857EE2975E} = {6AD730D0-C509-4FBC-9620-BC288BDF4CEF}
		{8E3A7878-69F3-4AC1-AE28-77920AD3E60A} = {E9A3255F-0E33-4796-A489-8B4C016C573A}
		{673502EA-744D-436D-A3BF-5EC5881E257A} = {58B107F0-C220-4721-82B6-E77C972AEE4D}
		{08E959D5-7347-418D-816E-ED60A3EC87B4} = {E9A3255F-0E33-4796-A489-8B4C016C573A}
		{5DD53BED-3E25-4E34-B35C-9251A325C352} = {D5115A7C-0835-4E11-9EE7-BB5AA80031F2}
		{9DE7D3FD-9244-4FF4-9092-A5266771C3FF} = {6AD730D0-C509-4FBC-9620-BC288BDF4CEF}
		{CFC08B8A-84BF-4C0E-B6D6-713759234856} = {58B107F0-C220-4721-82B6-E77C972AEE4D}
		{2FCA26D6-22A2-4FE5-ACAA-4125A46B2F25} = {6AD730D0-C509-4FBC-9620-BC288BDF4CEF}
		{1703FBE0-F74D-442C-BDBF-BA49EC2C0C3B} = {6AD730D0-C509-4FBC-9620-BC288BDF4CEF}
		{B12BDB17-10C9-4C91-9081-76DC02043241} = {58B107F0-C220-4721-82B6-E77C972AEE4D}
		{B83C1BF9-D142-4C4F-AC65-DA8E74514187} = {58B107F0-C220-4721-82B6-E77C972AEE4D}
		{756389F1-DB76-4C8F-8856-FC0DC6320490} = {58B107F0-C220-4721-82B6-E77C972AEE4D}
		{1EA423DD-3D05-4689-A53C-0F4B8033B07E} = {E9A3255F-0E33-4796-A489-8B4C016C573A}
		{BAFCC1D3-7FA4-471D-B561-EABE94D7EBE3} = {58B107F0-C220-4721-82B6-E77C972AEE4D}
	EndGlobalSection
	GlobalSection(ExtensibilityGlobals) = postSolution
		SolutionGuid = {884DC105-C0BD-4026-B220-D2D435105F94}
	EndGlobalSection
EndGlobal
